
Microsoft Visual Studio Solution File, Format Version 12.00
# Visual Studio Version 16
VisualStudioVersion = 16.0.31205.134
MinimumVisualStudioVersion = 10.0.40219.1
Project("{FAE04EC0-301F-11D3-BF4B-00C04F79EFBC}") = "BlazorWAAppComponentParameters", "BlazorWAAppComponentParameters\BlazorWAAppComponentParameters.csproj", "{DD76DC71-9171-4459-BA47-A38BAA49DD27}"
EndProject
Global
	GlobalSection(SolutionConfigurationPlatforms) = preSolution
		Debug|Any CPU = Debug|Any CPU
		Release|Any CPU = Release|Any CPU
	EndGlobalSection
	GlobalSection(ProjectConfigurationPlatforms) = postSolution
		{DD76DC71-9171-4459-BA47-A38BAA49DD27}.Debug|Any CPU.ActiveCfg = Debug|Any CPU
		{DD76DC71-9171-4459-BA47-A38BAA49DD27}.Debug|Any CPU.Build.0 = Debug|Any CPU
		{DD76DC71-9171-4459-BA47-A38BAA49DD27}.Release|Any CPU.ActiveCfg = Release|Any CPU
		{DD76DC71-9171-4459-BA47-A38BAA49DD27}.Release|Any CPU.Build.0 = Release|Any CPU
	EndGlobalSection
	GlobalSection(SolutionProperties) = preSolution
		HideSolutionNode = FALSE
	EndGlobalSection
	GlobalSection(ExtensibilityGlobals) = postSolution
		SolutionGuid = {1A3A9478-FF73-4F79-BA33-9637C079844B}
	EndGlobalSection
EndGlobal
